// !$*UTF8*$!
{
	archiveVersion = 1;
	classes = {
	};
	objectVersion = 50;
	objects = {

/* Begin PBXBuildFile section */
		45234E8E21C9884A00C7E697 /* card.swift in Sources */ = {isa = PBXBuildFile; fileRef = 45234E8D21C9884A00C7E697 /* card.swift */; };
		45234E9021C9886500C7E697 /* gameplay.swift in Sources */ = {isa = PBXBuildFile; fileRef = 45234E8F21C9886500C7E697 /* gameplay.swift */; };
		4558690D21C8209900B06251 /* AppDelegate.swift in Sources */ = {isa = PBXBuildFile; fileRef = 4558690C21C8209900B06251 /* AppDelegate.swift */; };
		4558690F21C8209900B06251 /* ViewController.swift in Sources */ = {isa = PBXBuildFile; fileRef = 4558690E21C8209900B06251 /* ViewController.swift */; };
		4558691221C8209A00B06251 /* Main.storyboard in Resources */ = {isa = PBXBuildFile; fileRef = 4558691021C8209A00B06251 /* Main.storyboard */; };
		4558691421C8209A00B06251 /* Assets.xcassets in Resources */ = {isa = PBXBuildFile; fileRef = 4558691321C8209A00B06251 /* Assets.xcassets */; };
		4558691721C8209A00B06251 /* LaunchScreen.storyboard in Resources */ = {isa = PBXBuildFile; fileRef = 4558691521C8209A00B06251 /* LaunchScreen.storyboard */; };
		4558692221C8209A00B06251 /* MemoryGameTahminurTests.swift in Sources */ = {isa = PBXBuildFile; fileRef = 4558692121C8209A00B06251 /* MemoryGameTahminurTests.swift */; };
		4558692D21C8209A00B06251 /* MemoryGameTahminurUITests.swift in Sources */ = {isa = PBXBuildFile; fileRef = 4558692C21C8209A00B06251 /* MemoryGameTahminurUITests.swift */; };
/* End PBXBuildFile section */

/* Begin PBXContainerItemProxy section */
		4558691E21C8209A00B06251 /* PBXContainerItemProxy */ = {
			isa = PBXContainerItemProxy;
			containerPortal = 4558690121C8209900B06251 /* Project object */;
			proxyType = 1;
			remoteGlobalIDString = 4558690821C8209900B06251;
			remoteInfo = MemoryGameTahminur;
		};
		4558692921C8209A00B06251 /* PBXContainerItemProxy */ = {
			isa = PBXContainerItemProxy;
			containerPortal = 4558690121C8209900B06251 /* Project object */;
			proxyType = 1;
			remoteGlobalIDString = 4558690821C8209900B06251;
			remoteInfo = MemoryGameTahminur;
		};
/* End PBXContainerItemProxy section */

/* Begin PBXFileReference section */
		45234E8D21C9884A00C7E697 /* card.swift */ = {isa = PBXFileReference; lastKnownFileType = sourcecode.swift; path = card.swift; sourceTree = "<group>"; };
		45234E8F21C9886500C7E697 /* gameplay.swift */ = {isa = PBXFileReference; lastKnownFileType = sourcecode.swift; path = gameplay.swift; sourceTree = "<group>"; };
		4558690921C8209900B06251 /* MemoryGameTahminur.app */ = {isa = PBXFileReference; explicitFileType = wrapper.application; includeInIndex = 0; path = MemoryGameTahminur.app; sourceTree = BUILT_PRODUCTS_DIR; };
		4558690C21C8209900B06251 /* AppDelegate.swift */ = {isa = PBXFileReference; lastKnownFileType = sourcecode.swift; path = AppDelegate.swift; sourceTree = "<group>"; };
		4558690E21C8209900B06251 /* ViewController.swift */ = {isa = PBXFileReference; lastKnownFileType = sourcecode.swift; path = ViewController.swift; sourceTree = "<group>"; };
		4558691121C8209A00B06251 /* Base */ = {isa = PBXFileReference; lastKnownFileType = file.storyboard; name = Base; path = Base.lproj/Main.storyboard; sourceTree = "<group>"; };
		4558691321C8209A00B06251 /* Assets.xcassets */ = {isa = PBXFileReference; lastKnownFileType = folder.assetcatalog; path = Assets.xcassets; sourceTree = "<group>"; };
		4558691621C8209A00B06251 /* Base */ = {isa = PBXFileReference; lastKnownFileType = file.storyboard; name = Base; path = Base.lproj/LaunchScreen.storyboard; sourceTree = "<group>"; };
		4558691821C8209A00B06251 /* Info.plist */ = {isa = PBXFileReference; lastKnownFileType = text.plist.xml; path = Info.plist; sourceTree = "<group>"; };
		4558691D21C8209A00B06251 /* MemoryGameTahminurTests.xctest */ = {isa = PBXFileReference; explicitFileType = wrapper.cfbundle; includeInIndex = 0; path = MemoryGameTahminurTests.xctest; sourceTree = BUILT_PRODUCTS_DIR; };
		4558692121C8209A00B06251 /* MemoryGameTahminurTests.swift */ = {isa = PBXFileReference; lastKnownFileType = sourcecode.swift; path = MemoryGameTahminurTests.swift; sourceTree = "<group>"; };
		4558692321C8209A00B06251 /* Info.plist */ = {isa = PBXFileReference; lastKnownFileType = text.plist.xml; path = Info.plist; sourceTree = "<group>"; };
		4558692821C8209A00B06251 /* MemoryGameTahminurUITests.xctest */ = {isa = PBXFileReference; explicitFileType = wrapper.cfbundle; includeInIndex = 0; path = MemoryGameTahminurUITests.xctest; sourceTree = BUILT_PRODUCTS_DIR; };
		4558692C21C8209A00B06251 /* MemoryGameTahminurUITests.swift */ = {isa = PBXFileReference; lastKnownFileType = sourcecode.swift; path = MemoryGameTahminurUITests.swift; sourceTree = "<group>"; };
		4558692E21C8209A00B06251 /* Info.plist */ = {isa = PBXFileReference; lastKnownFileType = text.plist.xml; path = Info.plist; sourceTree = "<group>"; };
/* End PBXFileReference section */

/* Begin PBXFrameworksBuildPhase section */
		4558690621C8209900B06251 /* Frameworks */ = {
			isa = PBXFrameworksBuildPhase;
			buildActionMask = 2147483647;
			files = (
			);
			runOnlyForDeploymentPostprocessing = 0;
		};
		4558691A21C8209A00B06251 /* Frameworks */ = {
			isa = PBXFrameworksBuildPhase;
			buildActionMask = 2147483647;
			files = (
			);
			runOnlyForDeploymentPostprocessing = 0;
		};
		4558692521C8209A00B06251 /* Frameworks */ = {
			isa = PBXFrameworksBuildPhase;
			buildActionMask = 2147483647;
			files = (
			);
			runOnlyForDeploymentPostprocessing = 0;
		};
/* End PBXFrameworksBuildPhase section */

/* Begin PBXGroup section */
		4558690021C8209900B06251 = {
			isa = PBXGroup;
			children = (
				4558690B21C8209900B06251 /* MemoryGameTahminur */,
				4558692021C8209A00B06251 /* MemoryGameTahminurTests */,
				4558692B21C8209A00B06251 /* MemoryGameTahminurUITests */,
				4558690A21C8209900B06251 /* Products */,
			);
			sourceTree = "<group>";
		};
		4558690A21C8209900B06251 /* Products */ = {
			isa = PBXGroup;
			children = (
				4558690921C8209900B06251 /* MemoryGameTahminur.app */,
				4558691D21C8209A00B06251 /* MemoryGameTahminurTests.xctest */,
				4558692821C8209A00B06251 /* MemoryGameTahminurUITests.xctest */,
			);
			name = Products;
			sourceTree = "<group>";
		};
		4558690B21C8209900B06251 /* MemoryGameTahminur */ = {
			isa = PBXGroup;
			children = (
				4558690C21C8209900B06251 /* AppDelegate.swift */,
				4558690E21C8209900B06251 /* ViewController.swift */,
				45234E8D21C9884A00C7E697 /* card.swift */,
				45234E8F21C9886500C7E697 /* gameplay.swift */,
				4558691021C8209A00B06251 /* Main.storyboard */,
				4558691321C8209A00B06251 /* Assets.xcassets */,
				4558691521C8209A00B06251 /* LaunchScreen.storyboard */,
				4558691821C8209A00B06251 /* Info.plist */,
			);
			path = MemoryGameTahminur;
			sourceTree = "<group>";
		};
		4558692021C8209A00B06251 /* MemoryGameTahminurTests */ = {
			isa = PBXGroup;
			children = (
				4558692121C8209A00B06251 /* MemoryGameTahminurTests.swift */,
				4558692321C8209A00B06251 /* Info.plist */,
			);
			path = MemoryGameTahminurTests;
			sourceTree = "<group>";
		};
		4558692B21C8209A00B06251 /* MemoryGameTahminurUITests */ = {
			isa = PBXGroup;
			children = (
				4558692C21C8209A00B06251 /* MemoryGameTahminurUITests.swift */,
				4558692E21C8209A00B06251 /* Info.plist */,
			);
			path = MemoryGameTahminurUITests;
			sourceTree = "<group>";
		};
/* End PBXGroup section */

/* Begin PBXNativeTarget section */
		4558690821C8209900B06251 /* MemoryGameTahminur */ = {
			isa = PBXNativeTarget;
			buildConfigurationList = 4558693121C8209A00B06251 /* Build configuration list for PBXNativeTarget "MemoryGameTahminur" */;
			buildPhases = (
				4558690521C8209900B06251 /* Sources */,
				4558690621C8209900B06251 /* Frameworks */,
				4558690721C8209900B06251 /* Resources */,
			);
			buildRules = (
			);
			dependencies = (
			);
			name = MemoryGameTahminur;
			productName = MemoryGameTahminur;
			productReference = 4558690921C8209900B06251 /* MemoryGameTahminur.app */;
			productType = "com.apple.product-type.application";
		};
		4558691C21C8209A00B06251 /* MemoryGameTahminurTests */ = {
			isa = PBXNativeTarget;
			buildConfigurationList = 4558693421C8209A00B06251 /* Build configuration list for PBXNativeTarget "MemoryGameTahminurTests" */;
			buildPhases = (
				4558691921C8209A00B06251 /* Sources */,
				4558691A21C8209A00B06251 /* Frameworks */,
				4558691B21C8209A00B06251 /* Resources */,
			);
			buildRules = (
			);
			dependencies = (
				4558691F21C8209A00B06251 /* PBXTargetDependency */,
			);
			name = MemoryGameTahminurTests;
			productName = MemoryGameTahminurTests;
			productReference = 4558691D21C8209A00B06251 /* MemoryGameTahminurTests.xctest */;
			productType = "com.apple.product-type.bundle.unit-test";
		};
		4558692721C8209A00B06251 /* MemoryGameTahminurUITests */ = {
			isa = PBXNativeTarget;
			buildConfigurationList = 4558693721C8209A00B06251 /* Build configuration list for PBXNativeTarget "MemoryGameTahminurUITests" */;
			buildPhases = (
				4558692421C8209A00B06251 /* Sources */,
				4558692521C8209A00B06251 /* Frameworks */,
				4558692621C8209A00B06251 /* Resources */,
			);
			buildRules = (
			);
			dependencies = (
				4558692A21C8209A00B06251 /* PBXTargetDependency */,
			);
			name = MemoryGameTahminurUITests;
			productName = MemoryGameTahminurUITests;
			productReference = 4558692821C8209A00B06251 /* MemoryGameTahminurUITests.xctest */;
			productType = "com.apple.product-type.bundle.ui-testing";
		};
/* End PBXNativeTarget section */

/* Begin PBXProject section */
		4558690121C8209900B06251 /* Project object */ = {
			isa = PBXProject;
			attributes = {
				LastSwiftUpdateCheck = 1010;
				LastUpgradeCheck = 1010;
				ORGANIZATIONNAME = "Tahminur Rahman";
				TargetAttributes = {
					4558690821C8209900B06251 = {
						CreatedOnToolsVersion = 10.1;
					};
					4558691C21C8209A00B06251 = {
						CreatedOnToolsVersion = 10.1;
						TestTargetID = 4558690821C8209900B06251;
					};
					4558692721C8209A00B06251 = {
						CreatedOnToolsVersion = 10.1;
						TestTargetID = 4558690821C8209900B06251;
					};
				};
			};
			buildConfigurationList = 4558690421C8209900B06251 /* Build configuration list for PBXProject "MemoryGameTahminur" */;
			compatibilityVersion = "Xcode 9.3";
			developmentRegion = en;
			hasScannedForEncodings = 0;
			knownRegions = (
				en,
				Base,
			);
			mainGroup = 4558690021C8209900B06251;
			productRefGroup = 4558690A21C8209900B06251 /* Products */;
			projectDirPath = "";
			projectRoot = "";
			targets = (
				4558690821C8209900B06251 /* MemoryGameTahminur */,
				4558691C21C8209A00B06251 /* MemoryGameTahminurTests */,
				4558692721C8209A00B06251 /* MemoryGameTahminurUITests */,
			);
		};
/* End PBXProject section */

/* Begin PBXResourcesBuildPhase section */
		4558690721C8209900B06251 /* Resources */ = {
			isa = PBXResourcesBuildPhase;
			buildActionMask = 2147483647;
			files = (
				4558691721C8209A00B06251 /* LaunchScreen.storyboard in Resources */,
				4558691421C8209A00B06251 /* Assets.xcassets in Resources */,
				4558691221C8209A00B06251 /* Main.storyboard in Resources */,
			);
			runOnlyForDeploymentPostprocessing = 0;
		};
		4558691B21C8209A00B06251 /* Resources */ = {
			isa = PBXResourcesBuildPhase;
			buildActionMask = 2147483647;
			files = (
			);
			runOnlyForDeploymentPostprocessing = 0;
		};
		4558692621C8209A00B06251 /* Resources */ = {
			isa = PBXResourcesBuildPhase;
			buildActionMask = 2147483647;
			files = (
			);
			runOnlyForDeploymentPostprocessing = 0;
		};
/* End PBXResourcesBuildPhase section */

/* Begin PBXSourcesBuildPhase section */
		4558690521C8209900B06251 /* Sources */ = {
			isa = PBXSourcesBuildPhase;
			buildActionMask = 2147483647;
			files = (
				45234E8E21C9884A00C7E697 /* card.swift in Sources */,
				45234E9021C9886500C7E697 /* gameplay.swift in Sources */,
				4558690F21C8209900B06251 /* ViewController.swift in Sources */,
				4558690D21C8209900B06251 /* AppDelegate.swift in Sources */,
			);
			runOnlyForDeploymentPostprocessing = 0;
		};
		4558691921C8209A00B06251 /* Sources */ = {
			isa = PBXSourcesBuildPhase;
			buildActionMask = 2147483647;
			files = (
				4558692221C8209A00B06251 /* MemoryGameTahminurTests.swift in Sources */,
			);
			runOnlyForDeploymentPostprocessing = 0;
		};
		4558692421C8209A00B06251 /* Sources */ = {
			isa = PBXSourcesBuildPhase;
			buildActionMask = 2147483647;
			files = (
				4558692D21C8209A00B06251 /* MemoryGameTahminurUITests.swift in Sources */,
			);
			runOnlyForDeploymentPostprocessing = 0;
		};
/* End PBXSourcesBuildPhase section */

/* Begin PBXTargetDependency section */
		4558691F21C8209A00B06251 /* PBXTargetDependency */ = {
			isa = PBXTargetDependency;
			target = 4558690821C8209900B06251 /* MemoryGameTahminur */;
			targetProxy = 4558691E21C8209A00B06251 /* PBXContainerItemProxy */;
		};
		4558692A21C8209A00B06251 /* PBXTargetDependency */ = {
			isa = PBXTargetDependency;
			target = 4558690821C8209900B06251 /* MemoryGameTahminur */;
			targetProxy = 4558692921C8209A00B06251 /* PBXContainerItemProxy */;
		};
/* End PBXTargetDependency section */

/* Begin PBXVariantGroup section */
		4558691021C8209A00B06251 /* Main.storyboard */ = {
			isa = PBXVariantGroup;
			children = (
				4558691121C8209A00B06251 /* Base */,
			);
			name = Main.storyboard;
			sourceTree = "<group>";
		};
		4558691521C8209A00B06251 /* LaunchScreen.storyboard */ = {
			isa = PBXVariantGroup;
			children = (
				4558691621C8209A00B06251 /* Base */,
			);
			name = LaunchScreen.storyboard;
			sourceTree = "<group>";
		};
/* End PBXVariantGroup section */

/* Begin XCBuildConfiguration section */
		4558692F21C8209A00B06251 /* Debug */ = {
			isa = XCBuildConfiguration;
			buildSettings = {
				ALWAYS_SEARCH_USER_PATHS = NO;
				CLANG_ANALYZER_NONNULL = YES;
				CLANG_ANALYZER_NUMBER_OBJECT_CONVERSION = YES_AGGRESSIVE;
				CLANG_CXX_LANGUAGE_STANDARD = "gnu++14";
				CLANG_CXX_LIBRARY = "libc++";
				CLANG_ENABLE_MODULES = YES;
				CLANG_ENABLE_OBJC_ARC = YES;
				CLANG_ENABLE_OBJC_WEAK = YES;
				CLANG_WARN_BLOCK_CAPTURE_AUTORELEASING = YES;
				CLANG_WARN_BOOL_CONVERSION = YES;
				CLANG_WARN_COMMA = YES;
				CLANG_WARN_CONSTANT_CONVERSION = YES;
				CLANG_WARN_DEPRECATED_OBJC_IMPLEMENTATIONS = YES;
				CLANG_WARN_DIRECT_OBJC_ISA_USAGE = YES_ERROR;
				CLANG_WARN_DOCUMENTATION_COMMENTS = YES;
				CLANG_WARN_EMPTY_BODY = YES;
				CLANG_WARN_ENUM_CONVERSION = YES;
				CLANG_WARN_INFINITE_RECURSION = YES;
				CLANG_WARN_INT_CONVERSION = YES;
				CLANG_WARN_NON_LITERAL_NULL_CONVERSION = YES;
				CLANG_WARN_OBJC_IMPLICIT_RETAIN_SELF = YES;
				CLANG_WARN_OBJC_LITERAL_CONVERSION = YES;
				CLANG_WARN_OBJC_ROOT_CLASS = YES_ERROR;
				CLANG_WARN_RANGE_LOOP_ANALYSIS = YES;
				CLANG_WARN_STRICT_PROTOTYPES = YES;
				CLANG_WARN_SUSPICIOUS_MOVE = YES;
				CLANG_WARN_UNGUARDED_AVAILABILITY = YES_AGGRESSIVE;
				CLANG_WARN_UNREACHABLE_CODE = YES;
				CLANG_WARN__DUPLICATE_METHOD_MATCH = YES;
				CODE_SIGN_IDENTITY = "iPhone Developer";
				COPY_PHASE_STRIP = NO;
				DEBUG_INFORMATION_FORMAT = dwarf;
				ENABLE_STRICT_OBJC_MSGSEND = YES;
				ENABLE_TESTABILITY = YES;
				GCC_C_LANGUAGE_STANDARD = gnu11;
				GCC_DYNAMIC_NO_PIC = NO;
				GCC_NO_COMMON_BLOCKS = YES;
				GCC_OPTIMIZATION_LEVEL = 0;
				GCC_PREPROCESSOR_DEFINITIONS = (
					"DEBUG=1",
					"$(inherited)",
				);
				GCC_WARN_64_TO_32_BIT_CONVERSION = YES;
				GCC_WARN_ABOUT_RETURN_TYPE = YES_ERROR;
				GCC_WARN_UNDECLARED_SELECTOR = YES;
				GCC_WARN_UNINITIALIZED_AUTOS = YES_AGGRESSIVE;
				GCC_WARN_UNUSED_FUNCTION = YES;
				GCC_WARN_UNUSED_VARIABLE = YES;
				IPHONEOS_DEPLOYMENT_TARGET = 12.1;
				MTL_ENABLE_DEBUG_INFO = INCLUDE_SOURCE;
				MTL_FAST_MATH = YES;
				ONLY_ACTIVE_ARCH = YES;
				SDKROOT = iphoneos;
				SWIFT_ACTIVE_COMPILATION_CONDITIONS = DEBUG;
				SWIFT_OPTIMIZATION_LEVEL = "-Onone";
			};
			name = Debug;
		};
		4558693021C8209A00B06251 /* Release */ = {
			isa = XCBuildConfiguration;
			buildSettings = {
				ALWAYS_SEARCH_USER_PATHS = NO;
				CLANG_ANALYZER_NONNULL = YES;
				CLANG_ANALYZER_NUMBER_OBJECT_CONVERSION = YES_AGGRESSIVE;
				CLANG_CXX_LANGUAGE_STANDARD = "gnu++14";
				CLANG_CXX_LIBRARY = "libc++";
				CLANG_ENABLE_MODULES = YES;
				CLANG_ENABLE_OBJC_ARC = YES;
				CLANG_ENABLE_OBJC_WEAK = YES;
				CLANG_WARN_BLOCK_CAPTURE_AUTORELEASING = YES;
				CLANG_WARN_BOOL_CONVERSION = YES;
				CLANG_WARN_COMMA = YES;
				CLANG_WARN_CONSTANT_CONVERSION = YES;
				CLANG_WARN_DEPRECATED_OBJC_IMPLEMENTATIONS = YES;
				CLANG_WARN_DIRECT_OBJC_ISA_USAGE = YES_ERROR;
				CLANG_WARN_DOCUMENTATION_COMMENTS = YES;
				CLANG_WARN_EMPTY_BODY = YES;
				CLANG_WARN_ENUM_CONVERSION = YES;
				CLANG_WARN_INFINITE_RECURSION = YES;
				CLANG_WARN_INT_CONVERSION = YES;
				CLANG_WARN_NON_LITERAL_NULL_CONVERSION = YES;
				CLANG_WARN_OBJC_IMPLICIT_RETAIN_SELF = YES;
				CLANG_WARN_OBJC_LITERAL_CONVERSION = YES;
				CLANG_WARN_OBJC_ROOT_CLASS = YES_ERROR;
				CLANG_WARN_RANGE_LOOP_ANALYSIS = YES;
				CLANG_WARN_STRICT_PROTOTYPES = YES;
				CLANG_WARN_SUSPICIOUS_MOVE = YES;
				CLANG_WARN_UNGUARDED_AVAILABILITY = YES_AGGRESSIVE;
				CLANG_WARN_UNREACHABLE_CODE = YES;
				CLANG_WARN__DUPLICATE_METHOD_MATCH = YES;
				CODE_SIGN_IDENTITY = "iPhone Developer";
				COPY_PHASE_STRIP = NO;
				DEBUG_INFORMATION_FORMAT = "dwarf-with-dsym";
				ENABLE_NS_ASSERTIONS = NO;
				ENABLE_STRICT_OBJC_MSGSEND = YES;
				GCC_C_LANGUAGE_STANDARD = gnu11;
				GCC_NO_COMMON_BLOCKS = YES;
				GCC_WARN_64_TO_32_BIT_CONVERSION = YES;
				GCC_WARN_ABOUT_RETURN_TYPE = YES_ERROR;
				GCC_WARN_UNDECLARED_SELECTOR = YES;
				GCC_WARN_UNINITIALIZED_AUTOS = YES_AGGRESSIVE;
				GCC_WARN_UNUSED_FUNCTION = YES;
				GCC_WARN_UNUSED_VARIABLE = YES;
				IPHONEOS_DEPLOYMENT_TARGET = 12.1;
				MTL_ENABLE_DEBUG_INFO = NO;
				MTL_FAST_MATH = YES;
				SDKROOT = iphoneos;
				SWIFT_COMPILATION_MODE = wholemodule;
				SWIFT_OPTIMIZATION_LEVEL = "-O";
				VALIDATE_PRODUCT = YES;
			};
			name = Release;
		};
		4558693221C8209A00B06251 /* Debug */ = {
			isa = XCBuildConfiguration;
			buildSettings = {
				ASSETCATALOG_COMPILER_APPICON_NAME = AppIcon;
				CODE_SIGN_STYLE = Automatic;
				INFOPLIST_FILE = MemoryGameTahminur/Info.plist;
				LD_RUNPATH_SEARCH_PATHS = (
					"$(inherited)",
					"@executable_path/Frameworks",
				);
				PRODUCT_BUNDLE_IDENTIFIER = edu.hofstra.tahminur.MemoryGameTahminur;
				PRODUCT_NAME = "$(TARGET_NAME)";
				SWIFT_VERSION = 4.2;
				TARGETED_DEVICE_FAMILY = "1,2";
			};
			name = Debug;
		};
		4558693321C8209A00B06251 /* Release */ = {
			isa = XCBuildConfiguration;
			buildSettings = {
				ASSETCATALOG_COMPILER_APPICON_NAME = AppIcon;
				CODE_SIGN_STYLE = Automatic;
				INFOPLIST_FILE = MemoryGameTahminur/Info.plist;
				LD_RUNPATH_SEARCH_PATHS = (
					"$(inherited)",
					"@executable_path/Frameworks",
				);
				PRODUCT_BUNDLE_IDENTIFIER = edu.hofstra.tahminur.MemoryGameTahminur;
				PRODUCT_NAME = "$(TARGET_NAME)";
				SWIFT_VERSION = 4.2;
				TARGETED_DEVICE_FAMILY = "1,2";
			};
			name = Release;
		};
		4558693521C8209A00B06251 /* Debug */ = {
			isa = XCBuildConfiguration;
			buildSettings = {
				ALWAYS_EMBED_SWIFT_STANDARD_LIBRARIES = YES;
				BUNDLE_LOADER = "$(TEST_HOST)";
				CODE_SIGN_STYLE = Automatic;
				INFOPLIST_FILE = MemoryGameTahminurTests/Info.plist;
				LD_RUNPATH_SEARCH_PATHS = (
					"$(inherited)",
					"@executable_path/Frameworks",
					"@loader_path/Frameworks",
				);
				PRODUCT_BUNDLE_IDENTIFIER = edu.hofstra.tahminur.MemoryGameTahminurTests;
				PRODUCT_NAME = "$(TARGET_NAME)";
				SWIFT_VERSION = 4.2;
				TARGETED_DEVICE_FAMILY = "1,2";
				TEST_HOST = "$(BUILT_PRODUCTS_DIR)/MemoryGameTahminur.app/MemoryGameTahminur";
			};
			name = Debug;
		};
		4558693621C8209A00B06251 /* Release */ = {
			isa = XCBuildConfiguration;
			buildSettings = {
				ALWAYS_EMBED_SWIFT_STANDARD_LIBRARIES = YES;
				BUNDLE_LOADER = "$(TEST_HOST)";
				CODE_SIGN_STYLE = Automatic;
				INFOPLIST_FILE = MemoryGameTahminurTests/Info.plist;
				LD_RUNPATH_SEARCH_PATHS = (
					"$(inherited)",
					"@executable_path/Frameworks",
					"@loader_path/Frameworks",
				);
				PRODUCT_BUNDLE_IDENTIFIER = edu.hofstra.tahminur.MemoryGameTahminurTests;
				PRODUCT_NAME = "$(TARGET_NAME)";
				SWIFT_VERSION = 4.2;
				TARGETED_DEVICE_FAMILY = "1,2";
				TEST_HOST = "$(BUILT_PRODUCTS_DIR)/MemoryGameTahminur.app/MemoryGameTahminur";
			};
			name = Release;
		};
		4558693821C8209A00B06251 /* Debug */ = {
			isa = XCBuildConfiguration;
			buildSettings = {
				ALWAYS_EMBED_SWIFT_STANDARD_LIBRARIES = YES;
				CODE_SIGN_STYLE = Automatic;
				INFOPLIST_FILE = MemoryGameTahminurUITests/Info.plist;
				LD_RUNPATH_SEARCH_PATHS = (
					"$(inherited)",
					"@executable_path/Frameworks",
					"@loader_path/Frameworks",
				);
				PRODUCT_BUNDLE_IDENTIFIER = edu.hofstra.tahminur.MemoryGameTahminurUITests;
				PRODUCT_NAME = "$(TARGET_NAME)";
				SWIFT_VERSION = 4.2;
				TARGETED_DEVICE_FAMILY = "1,2";
				TEST_TARGET_NAME = MemoryGameTahminur;
			};
			name = Debug;
		};
		4558693921C8209A00B06251 /* Release */ = {
			isa = XCBuildConfiguration;
			buildSettings = {
				ALWAYS_EMBED_SWIFT_STANDARD_LIBRARIES = YES;
				CODE_SIGN_STYLE = Automatic;
				INFOPLIST_FILE = MemoryGameTahminurUITests/Info.plist;
				LD_RUNPATH_SEARCH_PATHS = (
					"$(inherited)",
					"@executable_path/Frameworks",
					"@loader_path/Frameworks",
				);
				PRODUCT_BUNDLE_IDENTIFIER = edu.hofstra.tahminur.MemoryGameTahminurUITests;
				PRODUCT_NAME = "$(TARGET_NAME)";
				SWIFT_VERSION = 4.2;
				TARGETED_DEVICE_FAMILY = "1,2";
				TEST_TARGET_NAME = MemoryGameTahminur;
			};
			name = Release;
		};
/* End XCBuildConfiguration section */

/* Begin XCConfigurationList section */
		4558690421C8209900B06251 /* Build configuration list for PBXProject "MemoryGameTahminur" */ = {
			isa = XCConfigurationList;
			buildConfigurations = (
				4558692F21C8209A00B06251 /* Debug */,
				4558693021C8209A00B06251 /* Release */,
			);
			defaultConfigurationIsVisible = 0;
			defaultConfigurationName = Release;
		};
		4558693121C8209A00B06251 /* Build configuration list for PBXNativeTarget "MemoryGameTahminur" */ = {
			isa = XCConfigurationList;
			buildConfigurations = (
				4558693221C8209A00B06251 /* Debug */,
				4558693321C8209A00B06251 /* Release */,
			);
			defaultConfigurationIsVisible = 0;
			defaultConfigurationName = Release;
		};
		4558693421C8209A00B06251 /* Build configuration list for PBXNativeTarget "MemoryGameTahminurTests" */ = {
			isa = XCConfigurationList;
			buildConfigurations = (
				4558693521C8209A00B06251 /* Debug */,
				4558693621C8209A00B06251 /* Release */,
			);
			defaultConfigurationIsVisible = 0;
			defaultConfigurationName = Release;
		};
		4558693721C8209A00B06251 /* Build configuration list for PBXNativeTarget "MemoryGameTahminurUITests" */ = {
			isa = XCConfigurationList;
			buildConfigurations = (
				4558693821C8209A00B06251 /* Debug */,
				4558693921C8209A00B06251 /* Release */,
			);
			defaultConfigurationIsVisible = 0;
			defaultConfigurationName = Release;
		};
/* End XCConfigurationList section */
	};
	rootObject = 4558690121C8209900B06251 /* Project object */;
}
